
Microsoft Visual Studio Solution File, Format Version 12.00
Project("{FAE04EC0-301F-11D3-BF4B-00C04F79EFBC}") = "Application", "Application\Application.csproj", "{B7EB6571-6496-424E-8B31-723B982CBF27}"
EndProject
Project("{2150E333-8FDC-42A3-9474-1A3956D46DE8}") = "Packages", "Packages", "{C49F38FB-41E4-4209-AFBB-D0513BD6BE36}"
EndProject
Project("{FAE04EC0-301F-11D3-BF4B-00C04F79EFBC}") = "Core.Application", "NLayer.Template.Packages\Core.Application\Core.Application.csproj", "{96D38369-A155-450B-9752-BFE2D7724C24}"
EndProject
Project("{FAE04EC0-301F-11D3-BF4B-00C04F79EFBC}") = "Core.CrossCuttingConcerns", "NLayer.Template.Packages\Core.CrossCuttingConcerns\Core.CrossCuttingConcerns.csproj", "{EF317E1C-A112-4677-A9F1-81E291145664}"
EndProject
Project("{FAE04EC0-301F-11D3-BF4B-00C04F79EFBC}") = "Core.ElasticSearch", "NLayer.Template.Packages\Core.ElasticSearch\Core.ElasticSearch.csproj", "{45FF8550-0720-49A1-BA9A-F763D00FC534}"
EndProject
Project("{FAE04EC0-301F-11D3-BF4B-00C04F79EFBC}") = "Core.Mailing", "NLayer.Template.Packages\Core.Mailing\Core.Mailing.csproj", "{8CB3206A-A9F0-476F-A201-196B4EF154F5}"
EndProject
Project("{FAE04EC0-301F-11D3-BF4B-00C04F79EFBC}") = "Core.Persistence", "NLayer.Template.Packages\Core.Persistence\Core.Persistence.csproj", "{EB10DCF9-DC7C-45B5-A63C-1C0DD2B40D9E}"
EndProject
Project("{FAE04EC0-301F-11D3-BF4B-00C04F79EFBC}") = "Core.Security", "NLayer.Template.Packages\Core.Security\Core.Security.csproj", "{D212BBA2-9BB6-4A16-9714-59D13165FFE4}"
EndProject
Project("{2150E333-8FDC-42A3-9474-1A3956D46DE8}") = "Src", "Src", "{94142F96-D5C2-436E-8234-3342C18B611C}"
EndProject
Project("{FAE04EC0-301F-11D3-BF4B-00C04F79EFBC}") = "Domain", "Domain\Domain.csproj", "{9EF87200-6396-42BD-BD03-82172185D5A9}"
EndProject
Project("{FAE04EC0-301F-11D3-BF4B-00C04F79EFBC}") = "Infrastructure", "Infrastructure\Infrastructure.csproj", "{E0CAED99-881A-4412-8CC6-AC101722979D}"
EndProject
Project("{FAE04EC0-301F-11D3-BF4B-00C04F79EFBC}") = "Persistence", "Persistence\Persistence.csproj", "{893831FB-172A-49A1-A372-9518568CE978}"
EndProject
Project("{FAE04EC0-301F-11D3-BF4B-00C04F79EFBC}") = "WebApi", "WebApi\WebApi.csproj", "{377637A0-2344-4EAD-AC58-1F01AA2F9213}"
EndProject
Global
	GlobalSection(SolutionConfigurationPlatforms) = preSolution
		Debug|Any CPU = Debug|Any CPU
		Release|Any CPU = Release|Any CPU
	EndGlobalSection
	GlobalSection(ProjectConfigurationPlatforms) = postSolution
		{B7EB6571-6496-424E-8B31-723B982CBF27}.Debug|Any CPU.ActiveCfg = Debug|Any CPU
		{B7EB6571-6496-424E-8B31-723B982CBF27}.Debug|Any CPU.Build.0 = Debug|Any CPU
		{B7EB6571-6496-424E-8B31-723B982CBF27}.Release|Any CPU.ActiveCfg = Release|Any CPU
		{B7EB6571-6496-424E-8B31-723B982CBF27}.Release|Any CPU.Build.0 = Release|Any CPU
		{96D38369-A155-450B-9752-BFE2D7724C24}.Debug|Any CPU.ActiveCfg = Debug|Any CPU
		{96D38369-A155-450B-9752-BFE2D7724C24}.Debug|Any CPU.Build.0 = Debug|Any CPU
		{96D38369-A155-450B-9752-BFE2D7724C24}.Release|Any CPU.ActiveCfg = Release|Any CPU
		{96D38369-A155-450B-9752-BFE2D7724C24}.Release|Any CPU.Build.0 = Release|Any CPU
		{EF317E1C-A112-4677-A9F1-81E291145664}.Debug|Any CPU.ActiveCfg = Debug|Any CPU
		{EF317E1C-A112-4677-A9F1-81E291145664}.Debug|Any CPU.Build.0 = Debug|Any CPU
		{EF317E1C-A112-4677-A9F1-81E291145664}.Release|Any CPU.ActiveCfg = Release|Any CPU
		{EF317E1C-A112-4677-A9F1-81E291145664}.Release|Any CPU.Build.0 = Release|Any CPU
		{45FF8550-0720-49A1-BA9A-F763D00FC534}.Debug|Any CPU.ActiveCfg = Debug|Any CPU
		{45FF8550-0720-49A1-BA9A-F763D00FC534}.Debug|Any CPU.Build.0 = Debug|Any CPU
		{45FF8550-0720-49A1-BA9A-F763D00FC534}.Release|Any CPU.ActiveCfg = Release|Any CPU
		{45FF8550-0720-49A1-BA9A-F763D00FC534}.Release|Any CPU.Build.0 = Release|Any CPU
		{8CB3206A-A9F0-476F-A201-196B4EF154F5}.Debug|Any CPU.ActiveCfg = Debug|Any CPU
		{8CB3206A-A9F0-476F-A201-196B4EF154F5}.Debug|Any CPU.Build.0 = Debug|Any CPU
		{8CB3206A-A9F0-476F-A201-196B4EF154F5}.Release|Any CPU.ActiveCfg = Release|Any CPU
		{8CB3206A-A9F0-476F-A201-196B4EF154F5}.Release|Any CPU.Build.0 = Release|Any CPU
		{EB10DCF9-DC7C-45B5-A63C-1C0DD2B40D9E}.Debug|Any CPU.ActiveCfg = Debug|Any CPU
		{EB10DCF9-DC7C-45B5-A63C-1C0DD2B40D9E}.Debug|Any CPU.Build.0 = Debug|Any CPU
		{EB10DCF9-DC7C-45B5-A63C-1C0DD2B40D9E}.Release|Any CPU.ActiveCfg = Release|Any CPU
		{EB10DCF9-DC7C-45B5-A63C-1C0DD2B40D9E}.Release|Any CPU.Build.0 = Release|Any CPU
		{D212BBA2-9BB6-4A16-9714-59D13165FFE4}.Debug|Any CPU.ActiveCfg = Debug|Any CPU
		{D212BBA2-9BB6-4A16-9714-59D13165FFE4}.Debug|Any CPU.Build.0 = Debug|Any CPU
		{D212BBA2-9BB6-4A16-9714-59D13165FFE4}.Release|Any CPU.ActiveCfg = Release|Any CPU
		{D212BBA2-9BB6-4A16-9714-59D13165FFE4}.Release|Any CPU.Build.0 = Release|Any CPU
		{9EF87200-6396-42BD-BD03-82172185D5A9}.Debug|Any CPU.ActiveCfg = Debug|Any CPU
		{9EF87200-6396-42BD-BD03-82172185D5A9}.Debug|Any CPU.Build.0 = Debug|Any CPU
		{9EF87200-6396-42BD-BD03-82172185D5A9}.Release|Any CPU.ActiveCfg = Release|Any CPU
		{9EF87200-6396-42BD-BD03-82172185D5A9}.Release|Any CPU.Build.0 = Release|Any CPU
		{E0CAED99-881A-4412-8CC6-AC101722979D}.Debug|Any CPU.ActiveCfg = Debug|Any CPU
		{E0CAED99-881A-4412-8CC6-AC101722979D}.Debug|Any CPU.Build.0 = Debug|Any CPU
		{E0CAED99-881A-4412-8CC6-AC101722979D}.Release|Any CPU.ActiveCfg = Release|Any CPU
		{E0CAED99-881A-4412-8CC6-AC101722979D}.Release|Any CPU.Build.0 = Release|Any CPU
		{893831FB-172A-49A1-A372-9518568CE978}.Debug|Any CPU.ActiveCfg = Debug|Any CPU
		{893831FB-172A-49A1-A372-9518568CE978}.Debug|Any CPU.Build.0 = Debug|Any CPU
		{893831FB-172A-49A1-A372-9518568CE978}.Release|Any CPU.ActiveCfg = Release|Any CPU
		{893831FB-172A-49A1-A372-9518568CE978}.Release|Any CPU.Build.0 = Release|Any CPU
		{377637A0-2344-4EAD-AC58-1F01AA2F9213}.Debug|Any CPU.ActiveCfg = Debug|Any CPU
		{377637A0-2344-4EAD-AC58-1F01AA2F9213}.Debug|Any CPU.Build.0 = Debug|Any CPU
		{377637A0-2344-4EAD-AC58-1F01AA2F9213}.Release|Any CPU.ActiveCfg = Release|Any CPU
		{377637A0-2344-4EAD-AC58-1F01AA2F9213}.Release|Any CPU.Build.0 = Release|Any CPU
	EndGlobalSection
	GlobalSection(NestedProjects) = preSolution
		{96D38369-A155-450B-9752-BFE2D7724C24} = {C49F38FB-41E4-4209-AFBB-D0513BD6BE36}
		{EF317E1C-A112-4677-A9F1-81E291145664} = {C49F38FB-41E4-4209-AFBB-D0513BD6BE36}
		{45FF8550-0720-49A1-BA9A-F763D00FC534} = {C49F38FB-41E4-4209-AFBB-D0513BD6BE36}
		{8CB3206A-A9F0-476F-A201-196B4EF154F5} = {C49F38FB-41E4-4209-AFBB-D0513BD6BE36}
		{EB10DCF9-DC7C-45B5-A63C-1C0DD2B40D9E} = {C49F38FB-41E4-4209-AFBB-D0513BD6BE36}
		{D212BBA2-9BB6-4A16-9714-59D13165FFE4} = {C49F38FB-41E4-4209-AFBB-D0513BD6BE36}
		{B7EB6571-6496-424E-8B31-723B982CBF27} = {94142F96-D5C2-436E-8234-3342C18B611C}
		{9EF87200-6396-42BD-BD03-82172185D5A9} = {94142F96-D5C2-436E-8234-3342C18B611C}
		{E0CAED99-881A-4412-8CC6-AC101722979D} = {94142F96-D5C2-436E-8234-3342C18B611C}
		{893831FB-172A-49A1-A372-9518568CE978} = {94142F96-D5C2-436E-8234-3342C18B611C}
		{377637A0-2344-4EAD-AC58-1F01AA2F9213} = {94142F96-D5C2-436E-8234-3342C18B611C}
	EndGlobalSection
EndGlobal
